
Microsoft Visual Studio Solution File, Format Version 12.00
# Visual Studio Version 16
VisualStudioVersion = 16.0.32630.194
MinimumVisualStudioVersion = 10.0.40219.1
Project("{9A19103F-16F7-4668-BE54-9A1E7A4F7556}") = "SpravaSmluv", "SpravaSmluv.csproj", "{0ADB705F-BE79-4AE8-B9B0-2B42D1DA1F1B}"
EndProject
Global
	GlobalSection(SolutionConfigurationPlatforms) = preSolution
		Debug|Any CPU = Debug|Any CPU
		Release|Any CPU = Release|Any CPU
	EndGlobalSection
	GlobalSection(ProjectConfigurationPlatforms) = postSolution
		{0ADB705F-BE79-4AE8-B9B0-2B42D1DA1F1B}.Debug|Any CPU.ActiveCfg = Debug|Any CPU
		{0ADB705F-BE79-4AE8-B9B0-2B42D1DA1F1B}.Debug|Any CPU.Build.0 = Debug|Any CPU
		{0ADB705F-BE79-4AE8-B9B0-2B42D1DA1F1B}.Release|Any CPU.ActiveCfg = Release|Any CPU
		{0ADB705F-BE79-4AE8-B9B0-2B42D1DA1F1B}.Release|Any CPU.Build.0 = Release|Any CPU
	EndGlobalSection
	GlobalSection(SolutionProperties) = preSolution
		HideSolutionNode = FALSE
	EndGlobalSection
	GlobalSection(ExtensibilityGlobals) = postSolution
		SolutionGuid = {09C6CA4B-0DA2-4C63-A0E7-BE6E03626C1F}
	EndGlobalSection
EndGlobal
